// !$*UTF8*$!
{
	archiveVersion = 1;
	classes = {
	};
	objectVersion = 51;
	objects = {

/* Begin PBXBuildFile section */
		6A1AF95622102F77670D6713 /* Pods_Instagram.framework in Frameworks */ = {isa = PBXBuildFile; fileRef = 81032A2F690961A591252AE4 /* Pods_Instagram.framework */; };
		7FDF96657B74D7728F188122 /* Pods_Instagram_InstagramUITests.framework in Frameworks */ = {isa = PBXBuildFile; fileRef = BE6BD47370940F8D4656728B /* Pods_Instagram_InstagramUITests.framework */; };
		8EAF3151582674BD524A80DE /* Pods_InstagramTests.framework in Frameworks */ = {isa = PBXBuildFile; fileRef = A95C87E98E8A071F78C682DA /* Pods_InstagramTests.framework */; };
		CE770ABA26861D5C00099812 /* LoginViewController.swift in Sources */ = {isa = PBXBuildFile; fileRef = CE770AB926861D5C00099812 /* LoginViewController.swift */; };
		CE770ABC26861D7400099812 /* RegistartionViewController.swift in Sources */ = {isa = PBXBuildFile; fileRef = CE770ABB26861D7400099812 /* RegistartionViewController.swift */; };
		CE770ABE26861D8F00099812 /* PostViewController.swift in Sources */ = {isa = PBXBuildFile; fileRef = CE770ABD26861D8F00099812 /* PostViewController.swift */; };
		CE770AC026861DD100099812 /* EditProfileViewController.swift in Sources */ = {isa = PBXBuildFile; fileRef = CE770ABF26861DD100099812 /* EditProfileViewController.swift */; };
		CE770AC226861DDB00099812 /* SettingsViewController.swift in Sources */ = {isa = PBXBuildFile; fileRef = CE770AC126861DDB00099812 /* SettingsViewController.swift */; };
		CE770AC426861DEE00099812 /* ListViewController.swift in Sources */ = {isa = PBXBuildFile; fileRef = CE770AC326861DEE00099812 /* ListViewController.swift */; };
		CE770AC626861DFF00099812 /* SearchViewController.swift in Sources */ = {isa = PBXBuildFile; fileRef = CE770AC526861DFF00099812 /* SearchViewController.swift */; };
		CE770AC826861E0F00099812 /* SearchResultViewController.swift in Sources */ = {isa = PBXBuildFile; fileRef = CE770AC726861E0F00099812 /* SearchResultViewController.swift */; };
		CE770ACA26861E4100099812 /* PostEditorViewController.swift in Sources */ = {isa = PBXBuildFile; fileRef = CE770AC926861E4100099812 /* PostEditorViewController.swift */; };
		CE770ACC26861E5700099812 /* PublishPostViewController.swift in Sources */ = {isa = PBXBuildFile; fileRef = CE770ACB26861E5700099812 /* PublishPostViewController.swift */; };
		CE770ACE26862CF400099812 /* GoogleService-Info.plist in Resources */ = {isa = PBXBuildFile; fileRef = CE770ACD26862CF400099812 /* GoogleService-Info.plist */; };
		CE770AD1268638B400099812 /* DatabaseManager.swift in Sources */ = {isa = PBXBuildFile; fileRef = CE770AD0268638B400099812 /* DatabaseManager.swift */; };
		CE770AD32686394200099812 /* AuthManager.swift in Sources */ = {isa = PBXBuildFile; fileRef = CE770AD22686394200099812 /* AuthManager.swift */; };
		CE770AD52686398700099812 /* StorageManager.swift in Sources */ = {isa = PBXBuildFile; fileRef = CE770AD42686398700099812 /* StorageManager.swift */; };
		CE770AD726863DE200099812 /* Extensions.swift in Sources */ = {isa = PBXBuildFile; fileRef = CE770AD626863DE200099812 /* Extensions.swift */; };
		CE770ADA26873A8900099812 /* IGFeedPostTableViewCell.swift in Sources */ = {isa = PBXBuildFile; fileRef = CE770AD926873A8900099812 /* IGFeedPostTableViewCell.swift */; };
		CE770ADD26873CD000099812 /* IGFeedPostHeaderTableViewCell.swift in Sources */ = {isa = PBXBuildFile; fileRef = CE770ADC26873CD000099812 /* IGFeedPostHeaderTableViewCell.swift */; };
		CE770ADF26873CE800099812 /* IGFeedPostActionsTableViewCell.swift in Sources */ = {isa = PBXBuildFile; fileRef = CE770ADE26873CE800099812 /* IGFeedPostActionsTableViewCell.swift */; };
		CE770AE126873D1000099812 /* IGFeedPostGeneralTableViewCell.swift in Sources */ = {isa = PBXBuildFile; fileRef = CE770AE026873D1000099812 /* IGFeedPostGeneralTableViewCell.swift */; };
		CE770AE32687CBEE00099812 /* FormTableViewCell.swift in Sources */ = {isa = PBXBuildFile; fileRef = CE770AE22687CBEE00099812 /* FormTableViewCell.swift */; };
		CE770AE626891B0500099812 /* PhotoCollectionViewCell.swift in Sources */ = {isa = PBXBuildFile; fileRef = CE770AE526891B0500099812 /* PhotoCollectionViewCell.swift */; };
		CE770AE826891B5E00099812 /* ProfileInfoHeaderCollectionReusableView.swift in Sources */ = {isa = PBXBuildFile; fileRef = CE770AE726891B5E00099812 /* ProfileInfoHeaderCollectionReusableView.swift */; };
		CE770AEA26891B7900099812 /* ProfileTabsCollectionReusableView.swift in Sources */ = {isa = PBXBuildFile; fileRef = CE770AE926891B7900099812 /* ProfileTabsCollectionReusableView.swift */; };
		CE8C1D8C2686175A008D66A1 /* AppDelegate.swift in Sources */ = {isa = PBXBuildFile; fileRef = CE8C1D8B2686175A008D66A1 /* AppDelegate.swift */; };
		CE8C1D8E2686175A008D66A1 /* SceneDelegate.swift in Sources */ = {isa = PBXBuildFile; fileRef = CE8C1D8D2686175A008D66A1 /* SceneDelegate.swift */; };
		CE8C1D902686175A008D66A1 /* HomeViewController.swift in Sources */ = {isa = PBXBuildFile; fileRef = CE8C1D8F2686175A008D66A1 /* HomeViewController.swift */; };
		CE8C1D932686175A008D66A1 /* Main.storyboard in Resources */ = {isa = PBXBuildFile; fileRef = CE8C1D912686175A008D66A1 /* Main.storyboard */; };
		CE8C1D962686175A008D66A1 /* Instagram.xcdatamodeld in Sources */ = {isa = PBXBuildFile; fileRef = CE8C1D942686175A008D66A1 /* Instagram.xcdatamodeld */; };
		CE8C1D982686175E008D66A1 /* Assets.xcassets in Resources */ = {isa = PBXBuildFile; fileRef = CE8C1D972686175E008D66A1 /* Assets.xcassets */; };
		CE8C1D9B2686175E008D66A1 /* LaunchScreen.storyboard in Resources */ = {isa = PBXBuildFile; fileRef = CE8C1D992686175E008D66A1 /* LaunchScreen.storyboard */; };
		CE8C1DA62686175E008D66A1 /* InstagramTests.swift in Sources */ = {isa = PBXBuildFile; fileRef = CE8C1DA52686175E008D66A1 /* InstagramTests.swift */; };
		CE8C1DB12686175E008D66A1 /* InstagramUITests.swift in Sources */ = {isa = PBXBuildFile; fileRef = CE8C1DB02686175E008D66A1 /* InstagramUITests.swift */; };
		CE8C1DC426861893008D66A1 /* ExploreViewController.swift in Sources */ = {isa = PBXBuildFile; fileRef = CE8C1DC326861893008D66A1 /* ExploreViewController.swift */; };
		CE8C1DC6268618B9008D66A1 /* CameraViewController.swift in Sources */ = {isa = PBXBuildFile; fileRef = CE8C1DC5268618B9008D66A1 /* CameraViewController.swift */; };
		CE8C1DC8268618C9008D66A1 /* NotificationViewController.swift in Sources */ = {isa = PBXBuildFile; fileRef = CE8C1DC7268618C9008D66A1 /* NotificationViewController.swift */; };
		CE8C1DCA268618D4008D66A1 /* ProfileViewController.swift in Sources */ = {isa = PBXBuildFile; fileRef = CE8C1DC9268618D4008D66A1 /* ProfileViewController.swift */; };
		CEAB1B77268A346500636DF8 /* UserFollowTableViewCell.swift in Sources */ = {isa = PBXBuildFile; fileRef = CEAB1B76268A346500636DF8 /* UserFollowTableViewCell.swift */; };
		CEDE845926892C8900078859 /* Models.swift in Sources */ = {isa = PBXBuildFile; fileRef = CEDE845826892C8900078859 /* Models.swift */; };
/* End PBXBuildFile section */

/* Begin PBXContainerItemProxy section */
		CE8C1DA22686175E008D66A1 /* PBXContainerItemProxy */ = {
			isa = PBXContainerItemProxy;
			containerPortal = CE8C1D802686175A008D66A1 /* Project object */;
			proxyType = 1;
			remoteGlobalIDString = CE8C1D872686175A008D66A1;
			remoteInfo = Instagram;
		};
		CE8C1DAD2686175E008D66A1 /* PBXContainerItemProxy */ = {
			isa = PBXContainerItemProxy;
			containerPortal = CE8C1D802686175A008D66A1 /* Project object */;
			proxyType = 1;
			remoteGlobalIDString = CE8C1D872686175A008D66A1;
			remoteInfo = Instagram;
		};
/* End PBXContainerItemProxy section */

/* Begin PBXFileReference section */
		30514CD6A2CB3B60678A93D1 /* Pods-Instagram.debug.xcconfig */ = {isa = PBXFileReference; includeInIndex = 1; lastKnownFileType = text.xcconfig; name = "Pods-Instagram.debug.xcconfig"; path = "Target Support Files/Pods-Instagram/Pods-Instagram.debug.xcconfig"; sourceTree = "<group>"; };
		3CF555BECA72B321075A297A /* Pods-Instagram.release.xcconfig */ = {isa = PBXFileReference; includeInIndex = 1; lastKnownFileType = text.xcconfig; name = "Pods-Instagram.release.xcconfig"; path = "Target Support Files/Pods-Instagram/Pods-Instagram.release.xcconfig"; sourceTree = "<group>"; };
		54A8E6458B876BBF0F5FEC3F /* Pods-Instagram-InstagramUITests.debug.xcconfig */ = {isa = PBXFileReference; includeInIndex = 1; lastKnownFileType = text.xcconfig; name = "Pods-Instagram-InstagramUITests.debug.xcconfig"; path = "Target Support Files/Pods-Instagram-InstagramUITests/Pods-Instagram-InstagramUITests.debug.xcconfig"; sourceTree = "<group>"; };
		6E4B83FAF19ACE2CF5B01350 /* Pods-Instagram-InstagramUITests.release.xcconfig */ = {isa = PBXFileReference; includeInIndex = 1; lastKnownFileType = text.xcconfig; name = "Pods-Instagram-InstagramUITests.release.xcconfig"; path = "Target Support Files/Pods-Instagram-InstagramUITests/Pods-Instagram-InstagramUITests.release.xcconfig"; sourceTree = "<group>"; };
		81032A2F690961A591252AE4 /* Pods_Instagram.framework */ = {isa = PBXFileReference; explicitFileType = wrapper.framework; includeInIndex = 0; path = Pods_Instagram.framework; sourceTree = BUILT_PRODUCTS_DIR; };
		A95C87E98E8A071F78C682DA /* Pods_InstagramTests.framework */ = {isa = PBXFileReference; explicitFileType = wrapper.framework; includeInIndex = 0; path = Pods_InstagramTests.framework; sourceTree = BUILT_PRODUCTS_DIR; };
		BE0A3AA5031FB36FF91BD974 /* Pods-InstagramTests.debug.xcconfig */ = {isa = PBXFileReference; includeInIndex = 1; lastKnownFileType = text.xcconfig; name = "Pods-InstagramTests.debug.xcconfig"; path = "Target Support Files/Pods-InstagramTests/Pods-InstagramTests.debug.xcconfig"; sourceTree = "<group>"; };
		BE6BD47370940F8D4656728B /* Pods_Instagram_InstagramUITests.framework */ = {isa = PBXFileReference; explicitFileType = wrapper.framework; includeInIndex = 0; path = Pods_Instagram_InstagramUITests.framework; sourceTree = BUILT_PRODUCTS_DIR; };
		C6EB68C473CC9CAD9C9F5C56 /* Pods-InstagramTests.release.xcconfig */ = {isa = PBXFileReference; includeInIndex = 1; lastKnownFileType = text.xcconfig; name = "Pods-InstagramTests.release.xcconfig"; path = "Target Support Files/Pods-InstagramTests/Pods-InstagramTests.release.xcconfig"; sourceTree = "<group>"; };
		CE770AB926861D5C00099812 /* LoginViewController.swift */ = {isa = PBXFileReference; lastKnownFileType = sourcecode.swift; path = LoginViewController.swift; sourceTree = "<group>"; };
		CE770ABB26861D7400099812 /* RegistartionViewController.swift */ = {isa = PBXFileReference; lastKnownFileType = sourcecode.swift; path = RegistartionViewController.swift; sourceTree = "<group>"; };
		CE770ABD26861D8F00099812 /* PostViewController.swift */ = {isa = PBXFileReference; lastKnownFileType = sourcecode.swift; path = PostViewController.swift; sourceTree = "<group>"; };
		CE770ABF26861DD100099812 /* EditProfileViewController.swift */ = {isa = PBXFileReference; lastKnownFileType = sourcecode.swift; path = EditProfileViewController.swift; sourceTree = "<group>"; };
		CE770AC126861DDB00099812 /* SettingsViewController.swift */ = {isa = PBXFileReference; lastKnownFileType = sourcecode.swift; path = SettingsViewController.swift; sourceTree = "<group>"; };
		CE770AC326861DEE00099812 /* ListViewController.swift */ = {isa = PBXFileReference; lastKnownFileType = sourcecode.swift; path = ListViewController.swift; sourceTree = "<group>"; };
		CE770AC526861DFF00099812 /* SearchViewController.swift */ = {isa = PBXFileReference; lastKnownFileType = sourcecode.swift; path = SearchViewController.swift; sourceTree = "<group>"; };
		CE770AC726861E0F00099812 /* SearchResultViewController.swift */ = {isa = PBXFileReference; lastKnownFileType = sourcecode.swift; path = SearchResultViewController.swift; sourceTree = "<group>"; };
		CE770AC926861E4100099812 /* PostEditorViewController.swift */ = {isa = PBXFileReference; lastKnownFileType = sourcecode.swift; path = PostEditorViewController.swift; sourceTree = "<group>"; };
		CE770ACB26861E5700099812 /* PublishPostViewController.swift */ = {isa = PBXFileReference; lastKnownFileType = sourcecode.swift; path = PublishPostViewController.swift; sourceTree = "<group>"; };
		CE770ACD26862CF400099812 /* GoogleService-Info.plist */ = {isa = PBXFileReference; fileEncoding = 4; lastKnownFileType = text.plist.xml; path = "GoogleService-Info.plist"; sourceTree = "<group>"; };
		CE770AD0268638B400099812 /* DatabaseManager.swift */ = {isa = PBXFileReference; lastKnownFileType = sourcecode.swift; path = DatabaseManager.swift; sourceTree = "<group>"; };
		CE770AD22686394200099812 /* AuthManager.swift */ = {isa = PBXFileReference; lastKnownFileType = sourcecode.swift; path = AuthManager.swift; sourceTree = "<group>"; };
		CE770AD42686398700099812 /* StorageManager.swift */ = {isa = PBXFileReference; lastKnownFileType = sourcecode.swift; path = StorageManager.swift; sourceTree = "<group>"; };
		CE770AD626863DE200099812 /* Extensions.swift */ = {isa = PBXFileReference; lastKnownFileType = sourcecode.swift; path = Extensions.swift; sourceTree = "<group>"; };
		CE770AD926873A8900099812 /* IGFeedPostTableViewCell.swift */ = {isa = PBXFileReference; lastKnownFileType = sourcecode.swift; path = IGFeedPostTableViewCell.swift; sourceTree = "<group>"; };
		CE770ADC26873CD000099812 /* IGFeedPostHeaderTableViewCell.swift */ = {isa = PBXFileReference; lastKnownFileType = sourcecode.swift; path = IGFeedPostHeaderTableViewCell.swift; sourceTree = "<group>"; };
		CE770ADE26873CE800099812 /* IGFeedPostActionsTableViewCell.swift */ = {isa = PBXFileReference; lastKnownFileType = sourcecode.swift; path = IGFeedPostActionsTableViewCell.swift; sourceTree = "<group>"; };
		CE770AE026873D1000099812 /* IGFeedPostGeneralTableViewCell.swift */ = {isa = PBXFileReference; lastKnownFileType = sourcecode.swift; path = IGFeedPostGeneralTableViewCell.swift; sourceTree = "<group>"; };
		CE770AE22687CBEE00099812 /* FormTableViewCell.swift */ = {isa = PBXFileReference; lastKnownFileType = sourcecode.swift; path = FormTableViewCell.swift; sourceTree = "<group>"; };
		CE770AE526891B0500099812 /* PhotoCollectionViewCell.swift */ = {isa = PBXFileReference; lastKnownFileType = sourcecode.swift; path = PhotoCollectionViewCell.swift; sourceTree = "<group>"; };
		CE770AE726891B5E00099812 /* ProfileInfoHeaderCollectionReusableView.swift */ = {isa = PBXFileReference; lastKnownFileType = sourcecode.swift; path = ProfileInfoHeaderCollectionReusableView.swift; sourceTree = "<group>"; };
		CE770AE926891B7900099812 /* ProfileTabsCollectionReusableView.swift */ = {isa = PBXFileReference; lastKnownFileType = sourcecode.swift; path = ProfileTabsCollectionReusableView.swift; sourceTree = "<group>"; };
		CE8C1D882686175A008D66A1 /* Instagram.app */ = {isa = PBXFileReference; explicitFileType = wrapper.application; includeInIndex = 0; path = Instagram.app; sourceTree = BUILT_PRODUCTS_DIR; };
		CE8C1D8B2686175A008D66A1 /* AppDelegate.swift */ = {isa = PBXFileReference; lastKnownFileType = sourcecode.swift; path = AppDelegate.swift; sourceTree = "<group>"; };
		CE8C1D8D2686175A008D66A1 /* SceneDelegate.swift */ = {isa = PBXFileReference; lastKnownFileType = sourcecode.swift; path = SceneDelegate.swift; sourceTree = "<group>"; };
		CE8C1D8F2686175A008D66A1 /* HomeViewController.swift */ = {isa = PBXFileReference; lastKnownFileType = sourcecode.swift; path = HomeViewController.swift; sourceTree = "<group>"; };
		CE8C1D922686175A008D66A1 /* Base */ = {isa = PBXFileReference; lastKnownFileType = file.storyboard; name = Base; path = Base.lproj/Main.storyboard; sourceTree = "<group>"; };
		CE8C1D952686175A008D66A1 /* Instagram.xcdatamodel */ = {isa = PBXFileReference; lastKnownFileType = wrapper.xcdatamodel; path = Instagram.xcdatamodel; sourceTree = "<group>"; };
		CE8C1D972686175E008D66A1 /* Assets.xcassets */ = {isa = PBXFileReference; lastKnownFileType = folder.assetcatalog; path = Assets.xcassets; sourceTree = "<group>"; };
		CE8C1D9A2686175E008D66A1 /* Base */ = {isa = PBXFileReference; lastKnownFileType = file.storyboard; name = Base; path = Base.lproj/LaunchScreen.storyboard; sourceTree = "<group>"; };
		CE8C1D9C2686175E008D66A1 /* Info.plist */ = {isa = PBXFileReference; lastKnownFileType = text.plist.xml; path = Info.plist; sourceTree = "<group>"; };
		CE8C1DA12686175E008D66A1 /* InstagramTests.xctest */ = {isa = PBXFileReference; explicitFileType = wrapper.cfbundle; includeInIndex = 0; path = InstagramTests.xctest; sourceTree = BUILT_PRODUCTS_DIR; };
		CE8C1DA52686175E008D66A1 /* InstagramTests.swift */ = {isa = PBXFileReference; lastKnownFileType = sourcecode.swift; path = InstagramTests.swift; sourceTree = "<group>"; };
		CE8C1DA72686175E008D66A1 /* Info.plist */ = {isa = PBXFileReference; lastKnownFileType = text.plist.xml; path = Info.plist; sourceTree = "<group>"; };
		CE8C1DAC2686175E008D66A1 /* InstagramUITests.xctest */ = {isa = PBXFileReference; explicitFileType = wrapper.cfbundle; includeInIndex = 0; path = InstagramUITests.xctest; sourceTree = BUILT_PRODUCTS_DIR; };
		CE8C1DB02686175E008D66A1 /* InstagramUITests.swift */ = {isa = PBXFileReference; lastKnownFileType = sourcecode.swift; path = InstagramUITests.swift; sourceTree = "<group>"; };
		CE8C1DB22686175E008D66A1 /* Info.plist */ = {isa = PBXFileReference; lastKnownFileType = text.plist.xml; path = Info.plist; sourceTree = "<group>"; };
		CE8C1DC326861893008D66A1 /* ExploreViewController.swift */ = {isa = PBXFileReference; lastKnownFileType = sourcecode.swift; path = ExploreViewController.swift; sourceTree = "<group>"; };
		CE8C1DC5268618B9008D66A1 /* CameraViewController.swift */ = {isa = PBXFileReference; lastKnownFileType = sourcecode.swift; path = CameraViewController.swift; sourceTree = "<group>"; };
		CE8C1DC7268618C9008D66A1 /* NotificationViewController.swift */ = {isa = PBXFileReference; lastKnownFileType = sourcecode.swift; path = NotificationViewController.swift; sourceTree = "<group>"; };
		CE8C1DC9268618D4008D66A1 /* ProfileViewController.swift */ = {isa = PBXFileReference; lastKnownFileType = sourcecode.swift; path = ProfileViewController.swift; sourceTree = "<group>"; };
		CEAB1B76268A346500636DF8 /* UserFollowTableViewCell.swift */ = {isa = PBXFileReference; lastKnownFileType = sourcecode.swift; path = UserFollowTableViewCell.swift; sourceTree = "<group>"; };
		CEDE845826892C8900078859 /* Models.swift */ = {isa = PBXFileReference; lastKnownFileType = sourcecode.swift; path = Models.swift; sourceTree = "<group>"; };
/* End PBXFileReference section */

/* Begin PBXFrameworksBuildPhase section */
		CE8C1D852686175A008D66A1 /* Frameworks */ = {
			isa = PBXFrameworksBuildPhase;
			buildActionMask = 2147483647;
			files = (
				6A1AF95622102F77670D6713 /* Pods_Instagram.framework in Frameworks */,
			);
			runOnlyForDeploymentPostprocessing = 0;
		};
		CE8C1D9E2686175E008D66A1 /* Frameworks */ = {
			isa = PBXFrameworksBuildPhase;
			buildActionMask = 2147483647;
			files = (
				8EAF3151582674BD524A80DE /* Pods_InstagramTests.framework in Frameworks */,
			);
			runOnlyForDeploymentPostprocessing = 0;
		};
		CE8C1DA92686175E008D66A1 /* Frameworks */ = {
			isa = PBXFrameworksBuildPhase;
			buildActionMask = 2147483647;
			files = (
				7FDF96657B74D7728F188122 /* Pods_Instagram_InstagramUITests.framework in Frameworks */,
			);
			runOnlyForDeploymentPostprocessing = 0;
		};
/* End PBXFrameworksBuildPhase section */

/* Begin PBXGroup section */
		08B01868694DF8DEC0DE92EA /* Pods */ = {
			isa = PBXGroup;
			children = (
				30514CD6A2CB3B60678A93D1 /* Pods-Instagram.debug.xcconfig */,
				3CF555BECA72B321075A297A /* Pods-Instagram.release.xcconfig */,
				54A8E6458B876BBF0F5FEC3F /* Pods-Instagram-InstagramUITests.debug.xcconfig */,
				6E4B83FAF19ACE2CF5B01350 /* Pods-Instagram-InstagramUITests.release.xcconfig */,
				BE0A3AA5031FB36FF91BD974 /* Pods-InstagramTests.debug.xcconfig */,
				C6EB68C473CC9CAD9C9F5C56 /* Pods-InstagramTests.release.xcconfig */,
			);
			path = Pods;
			sourceTree = "<group>";
		};
		2E7DB1CE05CD5F71412443D1 /* Frameworks */ = {
			isa = PBXGroup;
			children = (
				81032A2F690961A591252AE4 /* Pods_Instagram.framework */,
				BE6BD47370940F8D4656728B /* Pods_Instagram_InstagramUITests.framework */,
				A95C87E98E8A071F78C682DA /* Pods_InstagramTests.framework */,
			);
			name = Frameworks;
			sourceTree = "<group>";
		};
		CE770ACF2686383C00099812 /* General */ = {
			isa = PBXGroup;
			children = (
				CE770AC126861DDB00099812 /* SettingsViewController.swift */,
				CE770ABF26861DD100099812 /* EditProfileViewController.swift */,
				CE770ABD26861D8F00099812 /* PostViewController.swift */,
				CE770AC326861DEE00099812 /* ListViewController.swift */,
				CE770AC526861DFF00099812 /* SearchViewController.swift */,
				CE770AC726861E0F00099812 /* SearchResultViewController.swift */,
				CE770AC926861E4100099812 /* PostEditorViewController.swift */,
				CE770ACB26861E5700099812 /* PublishPostViewController.swift */,
			);
			name = General;
			sourceTree = "<group>";
		};
		CE770AD826873A5D00099812 /* Cells */ = {
			isa = PBXGroup;
			children = (
				CE770ADB26873CB800099812 /* Home Feed */,
				CE770AE22687CBEE00099812 /* FormTableViewCell.swift */,
				CE770AE526891B0500099812 /* PhotoCollectionViewCell.swift */,
				CEAB1B76268A346500636DF8 /* UserFollowTableViewCell.swift */,
			);
			path = Cells;
			sourceTree = "<group>";
		};
		CE770ADB26873CB800099812 /* Home Feed */ = {
			isa = PBXGroup;
			children = (
				CE770ADC26873CD000099812 /* IGFeedPostHeaderTableViewCell.swift */,
				CE770ADE26873CE800099812 /* IGFeedPostActionsTableViewCell.swift */,
				CE770AD926873A8900099812 /* IGFeedPostTableViewCell.swift */,
				CE770AE026873D1000099812 /* IGFeedPostGeneralTableViewCell.swift */,
			);
			path = "Home Feed";
			sourceTree = "<group>";
		};
		CE770AE426891ACD00099812 /* CollectionView Headers */ = {
			isa = PBXGroup;
			children = (
				CE770AE726891B5E00099812 /* ProfileInfoHeaderCollectionReusableView.swift */,
				CE770AE926891B7900099812 /* ProfileTabsCollectionReusableView.swift */,
			);
			path = "CollectionView Headers";
			sourceTree = "<group>";
		};
		CE8C1D7F2686175A008D66A1 = {
			isa = PBXGroup;
			children = (
				CE8C1D8A2686175A008D66A1 /* Instagram */,
				CE8C1DA42686175E008D66A1 /* InstagramTests */,
				CE8C1DAF2686175E008D66A1 /* InstagramUITests */,
				CE8C1D892686175A008D66A1 /* Products */,
				08B01868694DF8DEC0DE92EA /* Pods */,
				2E7DB1CE05CD5F71412443D1 /* Frameworks */,
			);
			sourceTree = "<group>";
		};
		CE8C1D892686175A008D66A1 /* Products */ = {
			isa = PBXGroup;
			children = (
				CE8C1D882686175A008D66A1 /* Instagram.app */,
				CE8C1DA12686175E008D66A1 /* InstagramTests.xctest */,
				CE8C1DAC2686175E008D66A1 /* InstagramUITests.xctest */,
			);
			name = Products;
			sourceTree = "<group>";
		};
		CE8C1D8A2686175A008D66A1 /* Instagram */ = {
			isa = PBXGroup;
			children = (
				CE8C1DC1268617D1008D66A1 /* Resources */,
				CE8C1DC0268617CB008D66A1 /* Models */,
				CE8C1DBF268617C5008D66A1 /* Views */,
				CE8C1DBE268617BB008D66A1 /* Controllers */,
				CE8C1D9C2686175E008D66A1 /* Info.plist */,
				CE8C1D942686175A008D66A1 /* Instagram.xcdatamodeld */,
			);
			path = Instagram;
			sourceTree = "<group>";
		};
		CE8C1DA42686175E008D66A1 /* InstagramTests */ = {
			isa = PBXGroup;
			children = (
				CE8C1DA52686175E008D66A1 /* InstagramTests.swift */,
				CE8C1DA72686175E008D66A1 /* Info.plist */,
			);
			path = InstagramTests;
			sourceTree = "<group>";
		};
		CE8C1DAF2686175E008D66A1 /* InstagramUITests */ = {
			isa = PBXGroup;
			children = (
				CE8C1DB02686175E008D66A1 /* InstagramUITests.swift */,
				CE8C1DB22686175E008D66A1 /* Info.plist */,
			);
			path = InstagramUITests;
			sourceTree = "<group>";
		};
		CE8C1DBE268617BB008D66A1 /* Controllers */ = {
			isa = PBXGroup;
			children = (
				CE8C1DCC26861AED008D66A1 /* Other */,
				CE8C1DCB268618F4008D66A1 /* Core Tabs */,
			);
			path = Controllers;
			sourceTree = "<group>";
		};
		CE8C1DBF268617C5008D66A1 /* Views */ = {
			isa = PBXGroup;
			children = (
				CE770AE426891ACD00099812 /* CollectionView Headers */,
				CE770AD826873A5D00099812 /* Cells */,
				CE8C1DC226861834008D66A1 /* Storyboards */,
				CE8C1D972686175E008D66A1 /* Assets.xcassets */,
			);
			path = Views;
			sourceTree = "<group>";
		};
		CE8C1DC0268617CB008D66A1 /* Models */ = {
			isa = PBXGroup;
			children = (
				CEDE845826892C8900078859 /* Models.swift */,
			);
			path = Models;
			sourceTree = "<group>";
		};
		CE8C1DC1268617D1008D66A1 /* Resources */ = {
			isa = PBXGroup;
			children = (
				CE770ACD26862CF400099812 /* GoogleService-Info.plist */,
				CE8C1D8B2686175A008D66A1 /* AppDelegate.swift */,
				CE8C1D8D2686175A008D66A1 /* SceneDelegate.swift */,
				CE770AD0268638B400099812 /* DatabaseManager.swift */,
				CE770AD22686394200099812 /* AuthManager.swift */,
				CE770AD42686398700099812 /* StorageManager.swift */,
				CE770AD626863DE200099812 /* Extensions.swift */,
			);
			path = Resources;
			sourceTree = "<group>";
		};
		CE8C1DC226861834008D66A1 /* Storyboards */ = {
			isa = PBXGroup;
			children = (
				CE8C1D912686175A008D66A1 /* Main.storyboard */,
				CE8C1D992686175E008D66A1 /* LaunchScreen.storyboard */,
			);
			path = Storyboards;
			sourceTree = "<group>";
		};
		CE8C1DCB268618F4008D66A1 /* Core Tabs */ = {
			isa = PBXGroup;
			children = (
				CE8C1D8F2686175A008D66A1 /* HomeViewController.swift */,
				CE8C1DC326861893008D66A1 /* ExploreViewController.swift */,
				CE8C1DC5268618B9008D66A1 /* CameraViewController.swift */,
				CE8C1DC7268618C9008D66A1 /* NotificationViewController.swift */,
				CE8C1DC9268618D4008D66A1 /* ProfileViewController.swift */,
			);
			path = "Core Tabs";
			sourceTree = "<group>";
		};
		CE8C1DCC26861AED008D66A1 /* Other */ = {
			isa = PBXGroup;
			children = (
				CE8C1DCD26861B0B008D66A1 /* Onboarding */,
				CE770ACF2686383C00099812 /* General */,
			);
			name = Other;
			path = "Core Tabs";
			sourceTree = "<group>";
		};
		CE8C1DCD26861B0B008D66A1 /* Onboarding */ = {
			isa = PBXGroup;
			children = (
				CE770AB926861D5C00099812 /* LoginViewController.swift */,
				CE770ABB26861D7400099812 /* RegistartionViewController.swift */,
			);
			name = Onboarding;
			sourceTree = "<group>";
		};
/* End PBXGroup section */

/* Begin PBXNativeTarget section */
		CE8C1D872686175A008D66A1 /* Instagram */ = {
			isa = PBXNativeTarget;
			buildConfigurationList = CE8C1DB52686175E008D66A1 /* Build configuration list for PBXNativeTarget "Instagram" */;
			buildPhases = (
				A9040BFA9EB87F2DE5BDF48B /* [CP] Check Pods Manifest.lock */,
				CE8C1D842686175A008D66A1 /* Sources */,
				CE8C1D852686175A008D66A1 /* Frameworks */,
				CE8C1D862686175A008D66A1 /* Resources */,
				AC305B4F6A38A442FDBDCA60 /* [CP] Embed Pods Frameworks */,
			);
			buildRules = (
			);
			dependencies = (
			);
			name = Instagram;
			productName = Instagram;
			productReference = CE8C1D882686175A008D66A1 /* Instagram.app */;
			productType = "com.apple.product-type.application";
		};
		CE8C1DA02686175E008D66A1 /* InstagramTests */ = {
			isa = PBXNativeTarget;
			buildConfigurationList = CE8C1DB82686175E008D66A1 /* Build configuration list for PBXNativeTarget "InstagramTests" */;
			buildPhases = (
				2F826088C8A3097BE34A17B9 /* [CP] Check Pods Manifest.lock */,
				CE8C1D9D2686175E008D66A1 /* Sources */,
				CE8C1D9E2686175E008D66A1 /* Frameworks */,
				CE8C1D9F2686175E008D66A1 /* Resources */,
			);
			buildRules = (
			);
			dependencies = (
				CE8C1DA32686175E008D66A1 /* PBXTargetDependency */,
			);
			name = InstagramTests;
			productName = InstagramTests;
			productReference = CE8C1DA12686175E008D66A1 /* InstagramTests.xctest */;
			productType = "com.apple.product-type.bundle.unit-test";
		};
		CE8C1DAB2686175E008D66A1 /* InstagramUITests */ = {
			isa = PBXNativeTarget;
			buildConfigurationList = CE8C1DBB2686175E008D66A1 /* Build configuration list for PBXNativeTarget "InstagramUITests" */;
			buildPhases = (
				07DF82108BD6242BC3D1D7C3 /* [CP] Check Pods Manifest.lock */,
				CE8C1DA82686175E008D66A1 /* Sources */,
				CE8C1DA92686175E008D66A1 /* Frameworks */,
				CE8C1DAA2686175E008D66A1 /* Resources */,
				C6E89106428DC7470E37B0E1 /* [CP] Embed Pods Frameworks */,
			);
			buildRules = (
			);
			dependencies = (
				CE8C1DAE2686175E008D66A1 /* PBXTargetDependency */,
			);
			name = InstagramUITests;
			productName = InstagramUITests;
			productReference = CE8C1DAC2686175E008D66A1 /* InstagramUITests.xctest */;
			productType = "com.apple.product-type.bundle.ui-testing";
		};
/* End PBXNativeTarget section */

/* Begin PBXProject section */
		CE8C1D802686175A008D66A1 /* Project object */ = {
			isa = PBXProject;
			attributes = {
				LastSwiftUpdateCheck = 1250;
				LastUpgradeCheck = 1250;
				TargetAttributes = {
					CE8C1D872686175A008D66A1 = {
						CreatedOnToolsVersion = 12.5.1;
					};
					CE8C1DA02686175E008D66A1 = {
						CreatedOnToolsVersion = 12.5.1;
						TestTargetID = CE8C1D872686175A008D66A1;
					};
					CE8C1DAB2686175E008D66A1 = {
						CreatedOnToolsVersion = 12.5.1;
						TestTargetID = CE8C1D872686175A008D66A1;
					};
				};
			};
			buildConfigurationList = CE8C1D832686175A008D66A1 /* Build configuration list for PBXProject "Instagram" */;
			compatibilityVersion = "Xcode 9.3";
			developmentRegion = en;
			hasScannedForEncodings = 0;
			knownRegions = (
				en,
				Base,
			);
			mainGroup = CE8C1D7F2686175A008D66A1;
			productRefGroup = CE8C1D892686175A008D66A1 /* Products */;
			projectDirPath = "";
			projectRoot = "";
			targets = (
				CE8C1D872686175A008D66A1 /* Instagram */,
				CE8C1DA02686175E008D66A1 /* InstagramTests */,
				CE8C1DAB2686175E008D66A1 /* InstagramUITests */,
			);
		};
/* End PBXProject section */

/* Begin PBXResourcesBuildPhase section */
		CE8C1D862686175A008D66A1 /* Resources */ = {
			isa = PBXResourcesBuildPhase;
			buildActionMask = 2147483647;
			files = (
				CE8C1D9B2686175E008D66A1 /* LaunchScreen.storyboard in Resources */,
				CE770ACE26862CF400099812 /* GoogleService-Info.plist in Resources */,
				CE8C1D982686175E008D66A1 /* Assets.xcassets in Resources */,
				CE8C1D932686175A008D66A1 /* Main.storyboard in Resources */,
			);
			runOnlyForDeploymentPostprocessing = 0;
		};
		CE8C1D9F2686175E008D66A1 /* Resources */ = {
			isa = PBXResourcesBuildPhase;
			buildActionMask = 2147483647;
			files = (
			);
			runOnlyForDeploymentPostprocessing = 0;
		};
		CE8C1DAA2686175E008D66A1 /* Resources */ = {
			isa = PBXResourcesBuildPhase;
			buildActionMask = 2147483647;
			files = (
			);
			runOnlyForDeploymentPostprocessing = 0;
		};
/* End PBXResourcesBuildPhase section */

/* Begin PBXShellScriptBuildPhase section */
		07DF82108BD6242BC3D1D7C3 /* [CP] Check Pods Manifest.lock */ = {
			isa = PBXShellScriptBuildPhase;
			buildActionMask = 2147483647;
			files = (
			);
			inputFileListPaths = (
			);
			inputPaths = (
				"${PODS_PODFILE_DIR_PATH}/Podfile.lock",
				"${PODS_ROOT}/Manifest.lock",
			);
			name = "[CP] Check Pods Manifest.lock";
			outputFileListPaths = (
			);
			outputPaths = (
				"$(DERIVED_FILE_DIR)/Pods-Instagram-InstagramUITests-checkManifestLockResult.txt",
			);
			runOnlyForDeploymentPostprocessing = 0;
			shellPath = /bin/sh;
			shellScript = "diff \"${PODS_PODFILE_DIR_PATH}/Podfile.lock\" \"${PODS_ROOT}/Manifest.lock\" > /dev/null\nif [ $? != 0 ] ; then\n    # print error to STDERR\n    echo \"error: The sandbox is not in sync with the Podfile.lock. Run 'pod install' or update your CocoaPods installation.\" >&2\n    exit 1\nfi\n# This output is used by Xcode 'outputs' to avoid re-running this script phase.\necho \"SUCCESS\" > \"${SCRIPT_OUTPUT_FILE_0}\"\n";
			showEnvVarsInLog = 0;
		};
		2F826088C8A3097BE34A17B9 /* [CP] Check Pods Manifest.lock */ = {
			isa = PBXShellScriptBuildPhase;
			buildActionMask = 2147483647;
			files = (
			);
			inputFileListPaths = (
			);
			inputPaths = (
				"${PODS_PODFILE_DIR_PATH}/Podfile.lock",
				"${PODS_ROOT}/Manifest.lock",
			);
			name = "[CP] Check Pods Manifest.lock";
			outputFileListPaths = (
			);
			outputPaths = (
				"$(DERIVED_FILE_DIR)/Pods-InstagramTests-checkManifestLockResult.txt",
			);
			runOnlyForDeploymentPostprocessing = 0;
			shellPath = /bin/sh;
			shellScript = "diff \"${PODS_PODFILE_DIR_PATH}/Podfile.lock\" \"${PODS_ROOT}/Manifest.lock\" > /dev/null\nif [ $? != 0 ] ; then\n    # print error to STDERR\n    echo \"error: The sandbox is not in sync with the Podfile.lock. Run 'pod install' or update your CocoaPods installation.\" >&2\n    exit 1\nfi\n# This output is used by Xcode 'outputs' to avoid re-running this script phase.\necho \"SUCCESS\" > \"${SCRIPT_OUTPUT_FILE_0}\"\n";
			showEnvVarsInLog = 0;
		};
		A9040BFA9EB87F2DE5BDF48B /* [CP] Check Pods Manifest.lock */ = {
			isa = PBXShellScriptBuildPhase;
			buildActionMask = 2147483647;
			files = (
			);
			inputFileListPaths = (
			);
			inputPaths = (
				"${PODS_PODFILE_DIR_PATH}/Podfile.lock",
				"${PODS_ROOT}/Manifest.lock",
			);
			name = "[CP] Check Pods Manifest.lock";
			outputFileListPaths = (
			);
			outputPaths = (
				"$(DERIVED_FILE_DIR)/Pods-Instagram-checkManifestLockResult.txt",
			);
			runOnlyForDeploymentPostprocessing = 0;
			shellPath = /bin/sh;
			shellScript = "diff \"${PODS_PODFILE_DIR_PATH}/Podfile.lock\" \"${PODS_ROOT}/Manifest.lock\" > /dev/null\nif [ $? != 0 ] ; then\n    # print error to STDERR\n    echo \"error: The sandbox is not in sync with the Podfile.lock. Run 'pod install' or update your CocoaPods installation.\" >&2\n    exit 1\nfi\n# This output is used by Xcode 'outputs' to avoid re-running this script phase.\necho \"SUCCESS\" > \"${SCRIPT_OUTPUT_FILE_0}\"\n";
			showEnvVarsInLog = 0;
		};
		AC305B4F6A38A442FDBDCA60 /* [CP] Embed Pods Frameworks */ = {
			isa = PBXShellScriptBuildPhase;
			buildActionMask = 2147483647;
			files = (
			);
			inputFileListPaths = (
				"${PODS_ROOT}/Target Support Files/Pods-Instagram/Pods-Instagram-frameworks-${CONFIGURATION}-input-files.xcfilelist",
			);
			name = "[CP] Embed Pods Frameworks";
			outputFileListPaths = (
				"${PODS_ROOT}/Target Support Files/Pods-Instagram/Pods-Instagram-frameworks-${CONFIGURATION}-output-files.xcfilelist",
			);
			runOnlyForDeploymentPostprocessing = 0;
			shellPath = /bin/sh;
			shellScript = "\"${PODS_ROOT}/Target Support Files/Pods-Instagram/Pods-Instagram-frameworks.sh\"\n";
			showEnvVarsInLog = 0;
		};
		C6E89106428DC7470E37B0E1 /* [CP] Embed Pods Frameworks */ = {
			isa = PBXShellScriptBuildPhase;
			buildActionMask = 2147483647;
			files = (
			);
			inputFileListPaths = (
				"${PODS_ROOT}/Target Support Files/Pods-Instagram-InstagramUITests/Pods-Instagram-InstagramUITests-frameworks-${CONFIGURATION}-input-files.xcfilelist",
			);
			name = "[CP] Embed Pods Frameworks";
			outputFileListPaths = (
				"${PODS_ROOT}/Target Support Files/Pods-Instagram-InstagramUITests/Pods-Instagram-InstagramUITests-frameworks-${CONFIGURATION}-output-files.xcfilelist",
			);
			runOnlyForDeploymentPostprocessing = 0;
			shellPath = /bin/sh;
			shellScript = "\"${PODS_ROOT}/Target Support Files/Pods-Instagram-InstagramUITests/Pods-Instagram-InstagramUITests-frameworks.sh\"\n";
			showEnvVarsInLog = 0;
		};
/* End PBXShellScriptBuildPhase section */

/* Begin PBXSourcesBuildPhase section */
		CE8C1D842686175A008D66A1 /* Sources */ = {
			isa = PBXSourcesBuildPhase;
			buildActionMask = 2147483647;
			files = (
				CE770AC626861DFF00099812 /* SearchViewController.swift in Sources */,
				CE770ABC26861D7400099812 /* RegistartionViewController.swift in Sources */,
				CE770ABA26861D5C00099812 /* LoginViewController.swift in Sources */,
				CE770AD52686398700099812 /* StorageManager.swift in Sources */,
				CE770ADD26873CD000099812 /* IGFeedPostHeaderTableViewCell.swift in Sources */,
				CE8C1D962686175A008D66A1 /* Instagram.xcdatamodeld in Sources */,
				CE770ACA26861E4100099812 /* PostEditorViewController.swift in Sources */,
				CE8C1D902686175A008D66A1 /* HomeViewController.swift in Sources */,
				CE770AE126873D1000099812 /* IGFeedPostGeneralTableViewCell.swift in Sources */,
				CE8C1DC426861893008D66A1 /* ExploreViewController.swift in Sources */,
				CE770AE32687CBEE00099812 /* FormTableViewCell.swift in Sources */,
				CE770ADA26873A8900099812 /* IGFeedPostTableViewCell.swift in Sources */,
				CE8C1DC8268618C9008D66A1 /* NotificationViewController.swift in Sources */,
				CEAB1B77268A346500636DF8 /* UserFollowTableViewCell.swift in Sources */,
				CE770AD726863DE200099812 /* Extensions.swift in Sources */,
				CE770AC426861DEE00099812 /* ListViewController.swift in Sources */,
				CE770AE826891B5E00099812 /* ProfileInfoHeaderCollectionReusableView.swift in Sources */,
				CE770AD32686394200099812 /* AuthManager.swift in Sources */,
				CE8C1D8C2686175A008D66A1 /* AppDelegate.swift in Sources */,
				CE770ACC26861E5700099812 /* PublishPostViewController.swift in Sources */,
				CE770AEA26891B7900099812 /* ProfileTabsCollectionReusableView.swift in Sources */,
				CE8C1D8E2686175A008D66A1 /* SceneDelegate.swift in Sources */,
				CE770AC026861DD100099812 /* EditProfileViewController.swift in Sources */,
				CE8C1DCA268618D4008D66A1 /* ProfileViewController.swift in Sources */,
				CE770AD1268638B400099812 /* DatabaseManager.swift in Sources */,
				CEDE845926892C8900078859 /* Models.swift in Sources */,
				CE770AC226861DDB00099812 /* SettingsViewController.swift in Sources */,
				CE8C1DC6268618B9008D66A1 /* CameraViewController.swift in Sources */,
				CE770ADF26873CE800099812 /* IGFeedPostActionsTableViewCell.swift in Sources */,
				CE770AE626891B0500099812 /* PhotoCollectionViewCell.swift in Sources */,
				CE770AC826861E0F00099812 /* SearchResultViewController.swift in Sources */,
				CE770ABE26861D8F00099812 /* PostViewController.swift in Sources */,
			);
			runOnlyForDeploymentPostprocessing = 0;
		};
		CE8C1D9D2686175E008D66A1 /* Sources */ = {
			isa = PBXSourcesBuildPhase;
			buildActionMask = 2147483647;
			files = (
				CE8C1DA62686175E008D66A1 /* InstagramTests.swift in Sources */,
			);
			runOnlyForDeploymentPostprocessing = 0;
		};
		CE8C1DA82686175E008D66A1 /* Sources */ = {
			isa = PBXSourcesBuildPhase;
			buildActionMask = 2147483647;
			files = (
				CE8C1DB12686175E008D66A1 /* InstagramUITests.swift in Sources */,
			);
			runOnlyForDeploymentPostprocessing = 0;
		};
/* End PBXSourcesBuildPhase section */

/* Begin PBXTargetDependency section */
		CE8C1DA32686175E008D66A1 /* PBXTargetDependency */ = {
			isa = PBXTargetDependency;
			target = CE8C1D872686175A008D66A1 /* Instagram */;
			targetProxy = CE8C1DA22686175E008D66A1 /* PBXContainerItemProxy */;
		};
		CE8C1DAE2686175E008D66A1 /* PBXTargetDependency */ = {
			isa = PBXTargetDependency;
			target = CE8C1D872686175A008D66A1 /* Instagram */;
			targetProxy = CE8C1DAD2686175E008D66A1 /* PBXContainerItemProxy */;
		};
/* End PBXTargetDependency section */

/* Begin PBXVariantGroup section */
		CE8C1D912686175A008D66A1 /* Main.storyboard */ = {
			isa = PBXVariantGroup;
			children = (
				CE8C1D922686175A008D66A1 /* Base */,
			);
			name = Main.storyboard;
			sourceTree = "<group>";
		};
		CE8C1D992686175E008D66A1 /* LaunchScreen.storyboard */ = {
			isa = PBXVariantGroup;
			children = (
				CE8C1D9A2686175E008D66A1 /* Base */,
			);
			name = LaunchScreen.storyboard;
			sourceTree = "<group>";
		};
/* End PBXVariantGroup section */

/* Begin XCBuildConfiguration section */
		CE8C1DB32686175E008D66A1 /* Debug */ = {
			isa = XCBuildConfiguration;
			buildSettings = {
				ALWAYS_SEARCH_USER_PATHS = NO;
				CLANG_ANALYZER_NONNULL = YES;
				CLANG_ANALYZER_NUMBER_OBJECT_CONVERSION = YES_AGGRESSIVE;
				CLANG_CXX_LANGUAGE_STANDARD = "gnu++14";
				CLANG_CXX_LIBRARY = "libc++";
				CLANG_ENABLE_MODULES = YES;
				CLANG_ENABLE_OBJC_ARC = YES;
				CLANG_ENABLE_OBJC_WEAK = YES;
				CLANG_WARN_BLOCK_CAPTURE_AUTORELEASING = YES;
				CLANG_WARN_BOOL_CONVERSION = YES;
				CLANG_WARN_COMMA = YES;
				CLANG_WARN_CONSTANT_CONVERSION = YES;
				CLANG_WARN_DEPRECATED_OBJC_IMPLEMENTATIONS = YES;
				CLANG_WARN_DIRECT_OBJC_ISA_USAGE = YES_ERROR;
				CLANG_WARN_DOCUMENTATION_COMMENTS = YES;
				CLANG_WARN_EMPTY_BODY = YES;
				CLANG_WARN_ENUM_CONVERSION = YES;
				CLANG_WARN_INFINITE_RECURSION = YES;
				CLANG_WARN_INT_CONVERSION = YES;
				CLANG_WARN_NON_LITERAL_NULL_CONVERSION = YES;
				CLANG_WARN_OBJC_IMPLICIT_RETAIN_SELF = YES;
				CLANG_WARN_OBJC_LITERAL_CONVERSION = YES;
				CLANG_WARN_OBJC_ROOT_CLASS = YES_ERROR;
				CLANG_WARN_QUOTED_INCLUDE_IN_FRAMEWORK_HEADER = YES;
				CLANG_WARN_RANGE_LOOP_ANALYSIS = YES;
				CLANG_WARN_STRICT_PROTOTYPES = YES;
				CLANG_WARN_SUSPICIOUS_MOVE = YES;
				CLANG_WARN_UNGUARDED_AVAILABILITY = YES_AGGRESSIVE;
				CLANG_WARN_UNREACHABLE_CODE = YES;
				CLANG_WARN__DUPLICATE_METHOD_MATCH = YES;
				COPY_PHASE_STRIP = NO;
				DEBUG_INFORMATION_FORMAT = dwarf;
				ENABLE_STRICT_OBJC_MSGSEND = YES;
				ENABLE_TESTABILITY = YES;
				GCC_C_LANGUAGE_STANDARD = gnu11;
				GCC_DYNAMIC_NO_PIC = NO;
				GCC_NO_COMMON_BLOCKS = YES;
				GCC_OPTIMIZATION_LEVEL = 0;
				GCC_PREPROCESSOR_DEFINITIONS = (
					"DEBUG=1",
					"$(inherited)",
				);
				GCC_WARN_64_TO_32_BIT_CONVERSION = YES;
				GCC_WARN_ABOUT_RETURN_TYPE = YES_ERROR;
				GCC_WARN_UNDECLARED_SELECTOR = YES;
				GCC_WARN_UNINITIALIZED_AUTOS = YES_AGGRESSIVE;
				GCC_WARN_UNUSED_FUNCTION = YES;
				GCC_WARN_UNUSED_VARIABLE = YES;
				IPHONEOS_DEPLOYMENT_TARGET = 14.5;
				MTL_ENABLE_DEBUG_INFO = INCLUDE_SOURCE;
				MTL_FAST_MATH = YES;
				ONLY_ACTIVE_ARCH = YES;
				SDKROOT = iphoneos;
				SWIFT_ACTIVE_COMPILATION_CONDITIONS = DEBUG;
				SWIFT_OPTIMIZATION_LEVEL = "-Onone";
			};
			name = Debug;
		};
		CE8C1DB42686175E008D66A1 /* Release */ = {
			isa = XCBuildConfiguration;
			buildSettings = {
				ALWAYS_SEARCH_USER_PATHS = NO;
				CLANG_ANALYZER_NONNULL = YES;
				CLANG_ANALYZER_NUMBER_OBJECT_CONVERSION = YES_AGGRESSIVE;
				CLANG_CXX_LANGUAGE_STANDARD = "gnu++14";
				CLANG_CXX_LIBRARY = "libc++";
				CLANG_ENABLE_MODULES = YES;
				CLANG_ENABLE_OBJC_ARC = YES;
				CLANG_ENABLE_OBJC_WEAK = YES;
				CLANG_WARN_BLOCK_CAPTURE_AUTORELEASING = YES;
				CLANG_WARN_BOOL_CONVERSION = YES;
				CLANG_WARN_COMMA = YES;
				CLANG_WARN_CONSTANT_CONVERSION = YES;
				CLANG_WARN_DEPRECATED_OBJC_IMPLEMENTATIONS = YES;
				CLANG_WARN_DIRECT_OBJC_ISA_USAGE = YES_ERROR;
				CLANG_WARN_DOCUMENTATION_COMMENTS = YES;
				CLANG_WARN_EMPTY_BODY = YES;
				CLANG_WARN_ENUM_CONVERSION = YES;
				CLANG_WARN_INFINITE_RECURSION = YES;
				CLANG_WARN_INT_CONVERSION = YES;
				CLANG_WARN_NON_LITERAL_NULL_CONVERSION = YES;
				CLANG_WARN_OBJC_IMPLICIT_RETAIN_SELF = YES;
				CLANG_WARN_OBJC_LITERAL_CONVERSION = YES;
				CLANG_WARN_OBJC_ROOT_CLASS = YES_ERROR;
				CLANG_WARN_QUOTED_INCLUDE_IN_FRAMEWORK_HEADER = YES;
				CLANG_WARN_RANGE_LOOP_ANALYSIS = YES;
				CLANG_WARN_STRICT_PROTOTYPES = YES;
				CLANG_WARN_SUSPICIOUS_MOVE = YES;
				CLANG_WARN_UNGUARDED_AVAILABILITY = YES_AGGRESSIVE;
				CLANG_WARN_UNREACHABLE_CODE = YES;
				CLANG_WARN__DUPLICATE_METHOD_MATCH = YES;
				COPY_PHASE_STRIP = NO;
				DEBUG_INFORMATION_FORMAT = "dwarf-with-dsym";
				ENABLE_NS_ASSERTIONS = NO;
				ENABLE_STRICT_OBJC_MSGSEND = YES;
				GCC_C_LANGUAGE_STANDARD = gnu11;
				GCC_NO_COMMON_BLOCKS = YES;
				GCC_WARN_64_TO_32_BIT_CONVERSION = YES;
				GCC_WARN_ABOUT_RETURN_TYPE = YES_ERROR;
				GCC_WARN_UNDECLARED_SELECTOR = YES;
				GCC_WARN_UNINITIALIZED_AUTOS = YES_AGGRESSIVE;
				GCC_WARN_UNUSED_FUNCTION = YES;
				GCC_WARN_UNUSED_VARIABLE = YES;
				IPHONEOS_DEPLOYMENT_TARGET = 14.5;
				MTL_ENABLE_DEBUG_INFO = NO;
				MTL_FAST_MATH = YES;
				SDKROOT = iphoneos;
				SWIFT_COMPILATION_MODE = wholemodule;
				SWIFT_OPTIMIZATION_LEVEL = "-O";
				VALIDATE_PRODUCT = YES;
			};
			name = Release;
		};
		CE8C1DB62686175E008D66A1 /* Debug */ = {
			isa = XCBuildConfiguration;
			baseConfigurationReference = 30514CD6A2CB3B60678A93D1 /* Pods-Instagram.debug.xcconfig */;
			buildSettings = {
				ASSETCATALOG_COMPILER_APPICON_NAME = AppIcon;
				ASSETCATALOG_COMPILER_GLOBAL_ACCENT_COLOR_NAME = AccentColor;
				CODE_SIGN_STYLE = Automatic;
				INFOPLIST_FILE = Instagram/Info.plist;
				IPHONEOS_DEPLOYMENT_TARGET = 13.0;
				LD_RUNPATH_SEARCH_PATHS = (
					"$(inherited)",
					"@executable_path/Frameworks",
				);
				PRODUCT_BUNDLE_IDENTIFIER = YuvaKhlopkov.Instagram;
				PRODUCT_NAME = "$(TARGET_NAME)";
				SWIFT_VERSION = 5.0;
				TARGETED_DEVICE_FAMILY = "1,2";
			};
			name = Debug;
		};
		CE8C1DB72686175E008D66A1 /* Release */ = {
			isa = XCBuildConfiguration;
			baseConfigurationReference = 3CF555BECA72B321075A297A /* Pods-Instagram.release.xcconfig */;
			buildSettings = {
				ASSETCATALOG_COMPILER_APPICON_NAME = AppIcon;
				ASSETCATALOG_COMPILER_GLOBAL_ACCENT_COLOR_NAME = AccentColor;
				CODE_SIGN_STYLE = Automatic;
				INFOPLIST_FILE = Instagram/Info.plist;
				IPHONEOS_DEPLOYMENT_TARGET = 13.0;
				LD_RUNPATH_SEARCH_PATHS = (
					"$(inherited)",
					"@executable_path/Frameworks",
				);
				PRODUCT_BUNDLE_IDENTIFIER = YuvaKhlopkov.Instagram;
				PRODUCT_NAME = "$(TARGET_NAME)";
				SWIFT_VERSION = 5.0;
				TARGETED_DEVICE_FAMILY = "1,2";
			};
			name = Release;
		};
		CE8C1DB92686175E008D66A1 /* Debug */ = {
			isa = XCBuildConfiguration;
			baseConfigurationReference = BE0A3AA5031FB36FF91BD974 /* Pods-InstagramTests.debug.xcconfig */;
			buildSettings = {
				ALWAYS_EMBED_SWIFT_STANDARD_LIBRARIES = YES;
				BUNDLE_LOADER = "$(TEST_HOST)";
				CODE_SIGN_STYLE = Automatic;
				INFOPLIST_FILE = InstagramTests/Info.plist;
				IPHONEOS_DEPLOYMENT_TARGET = 14.5;
				LD_RUNPATH_SEARCH_PATHS = (
					"$(inherited)",
					"@executable_path/Frameworks",
					"@loader_path/Frameworks",
				);
				PRODUCT_BUNDLE_IDENTIFIER = YuvaKhlopkov.InstagramTests;
				PRODUCT_NAME = "$(TARGET_NAME)";
				SWIFT_VERSION = 5.0;
				TARGETED_DEVICE_FAMILY = "1,2";
				TEST_HOST = "$(BUILT_PRODUCTS_DIR)/Instagram.app/Instagram";
			};
			name = Debug;
		};
		CE8C1DBA2686175E008D66A1 /* Release */ = {
			isa = XCBuildConfiguration;
			baseConfigurationReference = C6EB68C473CC9CAD9C9F5C56 /* Pods-InstagramTests.release.xcconfig */;
			buildSettings = {
				ALWAYS_EMBED_SWIFT_STANDARD_LIBRARIES = YES;
				BUNDLE_LOADER = "$(TEST_HOST)";
				CODE_SIGN_STYLE = Automatic;
				INFOPLIST_FILE = InstagramTests/Info.plist;
				IPHONEOS_DEPLOYMENT_TARGET = 14.5;
				LD_RUNPATH_SEARCH_PATHS = (
					"$(inherited)",
					"@executable_path/Frameworks",
					"@loader_path/Frameworks",
				);
				PRODUCT_BUNDLE_IDENTIFIER = YuvaKhlopkov.InstagramTests;
				PRODUCT_NAME = "$(TARGET_NAME)";
				SWIFT_VERSION = 5.0;
				TARGETED_DEVICE_FAMILY = "1,2";
				TEST_HOST = "$(BUILT_PRODUCTS_DIR)/Instagram.app/Instagram";
			};
			name = Release;
		};
		CE8C1DBC2686175E008D66A1 /* Debug */ = {
			isa = XCBuildConfiguration;
			baseConfigurationReference = 54A8E6458B876BBF0F5FEC3F /* Pods-Instagram-InstagramUITests.debug.xcconfig */;
			buildSettings = {
				ALWAYS_EMBED_SWIFT_STANDARD_LIBRARIES = YES;
				CODE_SIGN_STYLE = Automatic;
				INFOPLIST_FILE = InstagramUITests/Info.plist;
				LD_RUNPATH_SEARCH_PATHS = (
					"$(inherited)",
					"@executable_path/Frameworks",
					"@loader_path/Frameworks",
				);
				PRODUCT_BUNDLE_IDENTIFIER = YuvaKhlopkov.InstagramUITests;
				PRODUCT_NAME = "$(TARGET_NAME)";
				SWIFT_VERSION = 5.0;
				TARGETED_DEVICE_FAMILY = "1,2";
				TEST_TARGET_NAME = Instagram;
			};
			name = Debug;
		};
		CE8C1DBD2686175E008D66A1 /* Release */ = {
			isa = XCBuildConfiguration;
			baseConfigurationReference = 6E4B83FAF19ACE2CF5B01350 /* Pods-Instagram-InstagramUITests.release.xcconfig */;
			buildSettings = {
				ALWAYS_EMBED_SWIFT_STANDARD_LIBRARIES = YES;
				CODE_SIGN_STYLE = Automatic;
				INFOPLIST_FILE = InstagramUITests/Info.plist;
				LD_RUNPATH_SEARCH_PATHS = (
					"$(inherited)",
					"@executable_path/Frameworks",
					"@loader_path/Frameworks",
				);
				PRODUCT_BUNDLE_IDENTIFIER = YuvaKhlopkov.InstagramUITests;
				PRODUCT_NAME = "$(TARGET_NAME)";
				SWIFT_VERSION = 5.0;
				TARGETED_DEVICE_FAMILY = "1,2";
				TEST_TARGET_NAME = Instagram;
			};
			name = Release;
		};
/* End XCBuildConfiguration section */

/* Begin XCConfigurationList section */
		CE8C1D832686175A008D66A1 /* Build configuration list for PBXProject "Instagram" */ = {
			isa = XCConfigurationList;
			buildConfigurations = (
				CE8C1DB32686175E008D66A1 /* Debug */,
				CE8C1DB42686175E008D66A1 /* Release */,
			);
			defaultConfigurationIsVisible = 0;
			defaultConfigurationName = Release;
		};
		CE8C1DB52686175E008D66A1 /* Build configuration list for PBXNativeTarget "Instagram" */ = {
			isa = XCConfigurationList;
			buildConfigurations = (
				CE8C1DB62686175E008D66A1 /* Debug */,
				CE8C1DB72686175E008D66A1 /* Release */,
			);
			defaultConfigurationIsVisible = 0;
			defaultConfigurationName = Release;
		};
		CE8C1DB82686175E008D66A1 /* Build configuration list for PBXNativeTarget "InstagramTests" */ = {
			isa = XCConfigurationList;
			buildConfigurations = (
				CE8C1DB92686175E008D66A1 /* Debug */,
				CE8C1DBA2686175E008D66A1 /* Release */,
			);
			defaultConfigurationIsVisible = 0;
			defaultConfigurationName = Release;
		};
		CE8C1DBB2686175E008D66A1 /* Build configuration list for PBXNativeTarget "InstagramUITests" */ = {
			isa = XCConfigurationList;
			buildConfigurations = (
				CE8C1DBC2686175E008D66A1 /* Debug */,
				CE8C1DBD2686175E008D66A1 /* Release */,
			);
			defaultConfigurationIsVisible = 0;
			defaultConfigurationName = Release;
		};
/* End XCConfigurationList section */

/* Begin XCVersionGroup section */
		CE8C1D942686175A008D66A1 /* Instagram.xcdatamodeld */ = {
			isa = XCVersionGroup;
			children = (
				CE8C1D952686175A008D66A1 /* Instagram.xcdatamodel */,
			);
			currentVersion = CE8C1D952686175A008D66A1 /* Instagram.xcdatamodel */;
			path = Instagram.xcdatamodeld;
			sourceTree = "<group>";
			versionGroupType = wrapper.xcdatamodel;
		};
/* End XCVersionGroup section */
	};
	rootObject = CE8C1D802686175A008D66A1 /* Project object */;
}
